{
  "nodes": {
    "nixpkgs": {
      "locked": {
        "lastModified": 1739512841,
        "narHash": "sha256-Zc+K4AxAwFaWKK18nSl/3TKidGf46En7bfK8SL+Revg=",
        "owner": "NixOS",
        "repo": "nixpkgs",
        "rev": "fada727ee7c0bd487e311dede0a2b0725a0f7765",
        "type": "github"
      },
      "original": {
        "owner": "NixOS",
        "ref": "nixpkgs-unstable",
        "repo": "nixpkgs",
        "type": "github"
      }
    },
    "root": {
      "inputs": {
        "nixpkgs": "nixpkgs"
      }
    }
  },
  "root": "root",
  "version": 7
}
